
Microsoft Visual Studio Solution File, Format Version 12.00
# Visual Studio 14
VisualStudioVersion = 14.0.25420.1
MinimumVisualStudioVersion = 10.0.40219.1
Project("{FAE04EC0-301F-11D3-BF4B-00C04F79EFBC}") = "Web948", "Web948\Web948.csproj", "{8CB0ED8C-45AA-4856-9726-546FBE6CA95E}"
EndProject
Project("{FAE04EC0-301F-11D3-BF4B-00C04F79EFBC}") = "Web948.Tests", "Web948.Tests\Web948.Tests.csproj", "{2392DBC1-CF06-4FCE-BE7D-4DF6EB4B096C}"
EndProject
Global
	GlobalSection(SolutionConfigurationPlatforms) = preSolution
		Debug|Any CPU = Debug|Any CPU
		Release|Any CPU = Release|Any CPU
	EndGlobalSection
	GlobalSection(ProjectConfigurationPlatforms) = postSolution
		{8CB0ED8C-45AA-4856-9726-546FBE6CA95E}.Debug|Any CPU.ActiveCfg = Debug|Any CPU
		{8CB0ED8C-45AA-4856-9726-546FBE6CA95E}.Debug|Any CPU.Build.0 = Debug|Any CPU
		{8CB0ED8C-45AA-4856-9726-546FBE6CA95E}.Release|Any CPU.ActiveCfg = Release|Any CPU
		{8CB0ED8C-45AA-4856-9726-546FBE6CA95E}.Release|Any CPU.Build.0 = Release|Any CPU
		{2392DBC1-CF06-4FCE-BE7D-4DF6EB4B096C}.Debug|Any CPU.ActiveCfg = Debug|Any CPU
		{2392DBC1-CF06-4FCE-BE7D-4DF6EB4B096C}.Debug|Any CPU.Build.0 = Debug|Any CPU
		{2392DBC1-CF06-4FCE-BE7D-4DF6EB4B096C}.Release|Any CPU.ActiveCfg = Release|Any CPU
		{2392DBC1-CF06-4FCE-BE7D-4DF6EB4B096C}.Release|Any CPU.Build.0 = Release|Any CPU
	EndGlobalSection
	GlobalSection(SolutionProperties) = preSolution
		HideSolutionNode = FALSE
	EndGlobalSection
EndGlobal
